
Microsoft Visual Studio Solution File, Format Version 12.00
# Visual Studio 2012
Project("{E24C65DC-7377-472B-9ABA-BC803B73C61A}") = "jquery.flot.navigationControl", ".", "{BD9BC128-AEBC-494F-9D91-97DF85C19B98}"
	ProjectSection(WebsiteProperties) = preProject
		TargetFrameworkMoniker = ".NETFramework,Version%3Dv4.0"
		Debug.AspNetCompiler.VirtualPath = "/jquery.flot.navigationControl"
		Debug.AspNetCompiler.PhysicalPath = "..\jquery.flot.navigationControl\"
		Debug.AspNetCompiler.TargetPath = "PrecompiledWeb\jquery.flot.navigationControl\"
		Debug.AspNetCompiler.Updateable = "true"
		Debug.AspNetCompiler.ForceOverwrite = "true"
		Debug.AspNetCompiler.FixedNames = "false"
		Debug.AspNetCompiler.Debug = "True"
		Release.AspNetCompiler.VirtualPath = "/jquery.flot.navigationControl"
		Release.AspNetCompiler.PhysicalPath = "..\jquery.flot.navigationControl\"
		Release.AspNetCompiler.TargetPath = "PrecompiledWeb\jquery.flot.navigationControl\"
		Release.AspNetCompiler.Updateable = "true"
		Release.AspNetCompiler.ForceOverwrite = "true"
		Release.AspNetCompiler.FixedNames = "false"
		Release.AspNetCompiler.Debug = "False"
		VWDPort = "35934"
	EndProjectSection
EndProject
Global
	GlobalSection(SolutionConfigurationPlatforms) = preSolution
		Debug|Any CPU = Debug|Any CPU
	EndGlobalSection
	GlobalSection(ProjectConfigurationPlatforms) = postSolution
		{BD9BC128-AEBC-494F-9D91-97DF85C19B98}.Debug|Any CPU.ActiveCfg = Debug|Any CPU
		{BD9BC128-AEBC-494F-9D91-97DF85C19B98}.Debug|Any CPU.Build.0 = Debug|Any CPU
	EndGlobalSection
	GlobalSection(SolutionProperties) = preSolution
		HideSolutionNode = FALSE
	EndGlobalSection
EndGlobal
